
Microsoft Visual Studio Solution File, Format Version 12.00
# Visual Studio 15
VisualStudioVersion = 15.0.27004.2010
MinimumVisualStudioVersion = 10.0.40219.1
Project("{FAE04EC0-301F-11D3-BF4B-00C04F79EFBC}") = "crossNot.Android", "crossNot\crossNot.Android\crossNot.Android.csproj", "{002506EB-4713-477B-8E0F-B1F7E90A5158}"
EndProject
Project("{FAE04EC0-301F-11D3-BF4B-00C04F79EFBC}") = "crossNot", "crossNot\crossNot\crossNot.csproj", "{AEA2AC96-977F-4D9F-88EC-4184A92504AC}"
EndProject
Project("{FAE04EC0-301F-11D3-BF4B-00C04F79EFBC}") = "crossNot.UWP", "crossNot\crossNot.UWP\crossNot.UWP.csproj", "{25E5849C-FCF6-43B0-A4E2-1F4F1040123F}"
EndProject
Project("{FAE04EC0-301F-11D3-BF4B-00C04F79EFBC}") = "crossNot.iOS", "crossNot\crossNot.iOS\crossNot.iOS.csproj", "{17D39CC6-3C61-4CF2-B455-A0CD3CA78DF4}"
EndProject
Global
	GlobalSection(SolutionConfigurationPlatforms) = preSolution
		Ad-Hoc|Any CPU = Ad-Hoc|Any CPU
		Ad-Hoc|ARM = Ad-Hoc|ARM
		Ad-Hoc|iPhone = Ad-Hoc|iPhone
		Ad-Hoc|iPhoneSimulator = Ad-Hoc|iPhoneSimulator
		Ad-Hoc|x64 = Ad-Hoc|x64
		Ad-Hoc|x86 = Ad-Hoc|x86
		AppStore|Any CPU = AppStore|Any CPU
		AppStore|ARM = AppStore|ARM
		AppStore|iPhone = AppStore|iPhone
		AppStore|iPhoneSimulator = AppStore|iPhoneSimulator
		AppStore|x64 = AppStore|x64
		AppStore|x86 = AppStore|x86
		Debug|Any CPU = Debug|Any CPU
		Debug|ARM = Debug|ARM
		Debug|iPhone = Debug|iPhone
		Debug|iPhoneSimulator = Debug|iPhoneSimulator
		Debug|x64 = Debug|x64
		Debug|x86 = Debug|x86
		Release|Any CPU = Release|Any CPU
		Release|ARM = Release|ARM
		Release|iPhone = Release|iPhone
		Release|iPhoneSimulator = Release|iPhoneSimulator
		Release|x64 = Release|x64
		Release|x86 = Release|x86
	EndGlobalSection
	GlobalSection(ProjectConfigurationPlatforms) = postSolution
		{002506EB-4713-477B-8E0F-B1F7E90A5158}.Ad-Hoc|Any CPU.ActiveCfg = Release|Any CPU
		{002506EB-4713-477B-8E0F-B1F7E90A5158}.Ad-Hoc|Any CPU.Build.0 = Release|Any CPU
		{002506EB-4713-477B-8E0F-B1F7E90A5158}.Ad-Hoc|Any CPU.Deploy.0 = Release|Any CPU
		{002506EB-4713-477B-8E0F-B1F7E90A5158}.Ad-Hoc|ARM.ActiveCfg = Release|Any CPU
		{002506EB-4713-477B-8E0F-B1F7E90A5158}.Ad-Hoc|ARM.Build.0 = Release|Any CPU
		{002506EB-4713-477B-8E0F-B1F7E90A5158}.Ad-Hoc|ARM.Deploy.0 = Release|Any CPU
		{002506EB-4713-477B-8E0F-B1F7E90A5158}.Ad-Hoc|iPhone.ActiveCfg = Release|Any CPU
		{002506EB-4713-477B-8E0F-B1F7E90A5158}.Ad-Hoc|iPhone.Build.0 = Release|Any CPU
		{002506EB-4713-477B-8E0F-B1F7E90A5158}.Ad-Hoc|iPhone.Deploy.0 = Release|Any CPU
		{002506EB-4713-477B-8E0F-B1F7E90A5158}.Ad-Hoc|iPhoneSimulator.ActiveCfg = Release|Any CPU
		{002506EB-4713-477B-8E0F-B1F7E90A5158}.Ad-Hoc|iPhoneSimulator.Build.0 = Release|Any CPU
		{002506EB-4713-477B-8E0F-B1F7E90A5158}.Ad-Hoc|iPhoneSimulator.Deploy.0 = Release|Any CPU
		{002506EB-4713-477B-8E0F-B1F7E90A5158}.Ad-Hoc|x64.ActiveCfg = Release|Any CPU
		{002506EB-4713-477B-8E0F-B1F7E90A5158}.Ad-Hoc|x64.Build.0 = Release|Any CPU
		{002506EB-4713-477B-8E0F-B1F7E90A5158}.Ad-Hoc|x64.Deploy.0 = Release|Any CPU
		{002506EB-4713-477B-8E0F-B1F7E90A5158}.Ad-Hoc|x86.ActiveCfg = Release|Any CPU
		{002506EB-4713-477B-8E0F-B1F7E90A5158}.Ad-Hoc|x86.Build.0 = Release|Any CPU
		{002506EB-4713-477B-8E0F-B1F7E90A5158}.Ad-Hoc|x86.Deploy.0 = Release|Any CPU
		{002506EB-4713-477B-8E0F-B1F7E90A5158}.AppStore|Any CPU.ActiveCfg = Release|Any CPU
		{002506EB-4713-477B-8E0F-B1F7E90A5158}.AppStore|Any CPU.Build.0 = Release|Any CPU
		{002506EB-4713-477B-8E0F-B1F7E90A5158}.AppStore|Any CPU.Deploy.0 = Release|Any CPU
		{002506EB-4713-477B-8E0F-B1F7E90A5158}.AppStore|ARM.ActiveCfg = Release|Any CPU
		{002506EB-4713-477B-8E0F-B1F7E90A5158}.AppStore|ARM.Build.0 = Release|Any CPU
		{002506EB-4713-477B-8E0F-B1F7E90A5158}.AppStore|ARM.Deploy.0 = Release|Any CPU
		{002506EB-4713-477B-8E0F-B1F7E90A5158}.AppStore|iPhone.ActiveCfg = Release|Any CPU
		{002506EB-4713-477B-8E0F-B1F7E90A5158}.AppStore|iPhone.Build.0 = Release|Any CPU
		{002506EB-4713-477B-8E0F-B1F7E90A5158}.AppStore|iPhone.Deploy.0 = Release|Any CPU
		{002506EB-4713-477B-8E0F-B1F7E90A5158}.AppStore|iPhoneSimulator.ActiveCfg = Release|Any CPU
		{002506EB-4713-477B-8E0F-B1F7E90A5158}.AppStore|iPhoneSimulator.Build.0 = Release|Any CPU
		{002506EB-4713-477B-8E0F-B1F7E90A5158}.AppStore|iPhoneSimulator.Deploy.0 = Release|Any CPU
		{002506EB-4713-477B-8E0F-B1F7E90A5158}.AppStore|x64.ActiveCfg = Release|Any CPU
		{002506EB-4713-477B-8E0F-B1F7E90A5158}.AppStore|x64.Build.0 = Release|Any CPU
		{002506EB-4713-477B-8E0F-B1F7E90A5158}.AppStore|x64.Deploy.0 = Release|Any CPU
		{002506EB-4713-477B-8E0F-B1F7E90A5158}.AppStore|x86.ActiveCfg = Release|Any CPU
		{002506EB-4713-477B-8E0F-B1F7E90A5158}.AppStore|x86.Build.0 = Release|Any CPU
		{002506EB-4713-477B-8E0F-B1F7E90A5158}.AppStore|x86.Deploy.0 = Release|Any CPU
		{002506EB-4713-477B-8E0F-B1F7E90A5158}.Debug|Any CPU.ActiveCfg = Debug|Any CPU
		{002506EB-4713-477B-8E0F-B1F7E90A5158}.Debug|Any CPU.Build.0 = Debug|Any CPU
		{002506EB-4713-477B-8E0F-B1F7E90A5158}.Debug|Any CPU.Deploy.0 = Debug|Any CPU
		{002506EB-4713-477B-8E0F-B1F7E90A5158}.Debug|ARM.ActiveCfg = Debug|Any CPU
		{002506EB-4713-477B-8E0F-B1F7E90A5158}.Debug|ARM.Build.0 = Debug|Any CPU
		{002506EB-4713-477B-8E0F-B1F7E90A5158}.Debug|ARM.Deploy.0 = Debug|Any CPU
		{002506EB-4713-477B-8E0F-B1F7E90A5158}.Debug|iPhone.ActiveCfg = Debug|Any CPU
		{002506EB-4713-477B-8E0F-B1F7E90A5158}.Debug|iPhone.Build.0 = Debug|Any CPU
		{002506EB-4713-477B-8E0F-B1F7E90A5158}.Debug|iPhone.Deploy.0 = Debug|Any CPU
		{002506EB-4713-477B-8E0F-B1F7E90A5158}.Debug|iPhoneSimulator.ActiveCfg = Debug|Any CPU
		{002506EB-4713-477B-8E0F-B1F7E90A5158}.Debug|iPhoneSimulator.Build.0 = Debug|Any CPU
		{002506EB-4713-477B-8E0F-B1F7E90A5158}.Debug|iPhoneSimulator.Deploy.0 = Debug|Any CPU
		{002506EB-4713-477B-8E0F-B1F7E90A5158}.Debug|x64.ActiveCfg = Debug|Any CPU
		{002506EB-4713-477B-8E0F-B1F7E90A5158}.Debug|x64.Build.0 = Debug|Any CPU
		{002506EB-4713-477B-8E0F-B1F7E90A5158}.Debug|x64.Deploy.0 = Debug|Any CPU
		{002506EB-4713-477B-8E0F-B1F7E90A5158}.Debug|x86.ActiveCfg = Debug|Any CPU
		{002506EB-4713-477B-8E0F-B1F7E90A5158}.Debug|x86.Build.0 = Debug|Any CPU
		{002506EB-4713-477B-8E0F-B1F7E90A5158}.Debug|x86.Deploy.0 = Debug|Any CPU
		{002506EB-4713-477B-8E0F-B1F7E90A5158}.Release|Any CPU.ActiveCfg = Release|Any CPU
		{002506EB-4713-477B-8E0F-B1F7E90A5158}.Release|Any CPU.Build.0 = Release|Any CPU
		{002506EB-4713-477B-8E0F-B1F7E90A5158}.Release|Any CPU.Deploy.0 = Release|Any CPU
		{002506EB-4713-477B-8E0F-B1F7E90A5158}.Release|ARM.ActiveCfg = Release|Any CPU
		{002506EB-4713-477B-8E0F-B1F7E90A5158}.Release|ARM.Build.0 = Release|Any CPU
		{002506EB-4713-477B-8E0F-B1F7E90A5158}.Release|ARM.Deploy.0 = Release|Any CPU
		{002506EB-4713-477B-8E0F-B1F7E90A5158}.Release|iPhone.ActiveCfg = Release|Any CPU
		{002506EB-4713-477B-8E0F-B1F7E90A5158}.Release|iPhone.Build.0 = Release|Any CPU
		{002506EB-4713-477B-8E0F-B1F7E90A5158}.Release|iPhone.Deploy.0 = Release|Any CPU
		{002506EB-4713-477B-8E0F-B1F7E90A5158}.Release|iPhoneSimulator.ActiveCfg = Release|Any CPU
		{002506EB-4713-477B-8E0F-B1F7E90A5158}.Release|iPhoneSimulator.Build.0 = Release|Any CPU
		{002506EB-4713-477B-8E0F-B1F7E90A5158}.Release|iPhoneSimulator.Deploy.0 = Release|Any CPU
		{002506EB-4713-477B-8E0F-B1F7E90A5158}.Release|x64.ActiveCfg = Release|Any CPU
		{002506EB-4713-477B-8E0F-B1F7E90A5158}.Release|x64.Build.0 = Release|Any CPU
		{002506EB-4713-477B-8E0F-B1F7E90A5158}.Release|x64.Deploy.0 = Release|Any CPU
		{002506EB-4713-477B-8E0F-B1F7E90A5158}.Release|x86.ActiveCfg = Release|Any CPU
		{002506EB-4713-477B-8E0F-B1F7E90A5158}.Release|x86.Build.0 = Release|Any CPU
		{002506EB-4713-477B-8E0F-B1F7E90A5158}.Release|x86.Deploy.0 = Release|Any CPU
		{AEA2AC96-977F-4D9F-88EC-4184A92504AC}.Ad-Hoc|Any CPU.ActiveCfg = Release|Any CPU
		{AEA2AC96-977F-4D9F-88EC-4184A92504AC}.Ad-Hoc|Any CPU.Build.0 = Release|Any CPU
		{AEA2AC96-977F-4D9F-88EC-4184A92504AC}.Ad-Hoc|ARM.ActiveCfg = Release|Any CPU
		{AEA2AC96-977F-4D9F-88EC-4184A92504AC}.Ad-Hoc|ARM.Build.0 = Release|Any CPU
		{AEA2AC96-977F-4D9F-88EC-4184A92504AC}.Ad-Hoc|iPhone.ActiveCfg = Release|Any CPU
		{AEA2AC96-977F-4D9F-88EC-4184A92504AC}.Ad-Hoc|iPhone.Build.0 = Release|Any CPU
		{AEA2AC96-977F-4D9F-88EC-4184A92504AC}.Ad-Hoc|iPhoneSimulator.ActiveCfg = Release|Any CPU
		{AEA2AC96-977F-4D9F-88EC-4184A92504AC}.Ad-Hoc|iPhoneSimulator.Build.0 = Release|Any CPU
		{AEA2AC96-977F-4D9F-88EC-4184A92504AC}.Ad-Hoc|x64.ActiveCfg = Release|Any CPU
		{AEA2AC96-977F-4D9F-88EC-4184A92504AC}.Ad-Hoc|x64.Build.0 = Release|Any CPU
		{AEA2AC96-977F-4D9F-88EC-4184A92504AC}.Ad-Hoc|x86.ActiveCfg = Release|Any CPU
		{AEA2AC96-977F-4D9F-88EC-4184A92504AC}.Ad-Hoc|x86.Build.0 = Release|Any CPU
		{AEA2AC96-977F-4D9F-88EC-4184A92504AC}.AppStore|Any CPU.ActiveCfg = Release|Any CPU
		{AEA2AC96-977F-4D9F-88EC-4184A92504AC}.AppStore|Any CPU.Build.0 = Release|Any CPU
		{AEA2AC96-977F-4D9F-88EC-4184A92504AC}.AppStore|ARM.ActiveCfg = Release|Any CPU
		{AEA2AC96-977F-4D9F-88EC-4184A92504AC}.AppStore|ARM.Build.0 = Release|Any CPU
		{AEA2AC96-977F-4D9F-88EC-4184A92504AC}.AppStore|iPhone.ActiveCfg = Release|Any CPU
		{AEA2AC96-977F-4D9F-88EC-4184A92504AC}.AppStore|iPhone.Build.0 = Release|Any CPU
		{AEA2AC96-977F-4D9F-88EC-4184A92504AC}.AppStore|iPhoneSimulator.ActiveCfg = Release|Any CPU
		{AEA2AC96-977F-4D9F-88EC-4184A92504AC}.AppStore|iPhoneSimulator.Build.0 = Release|Any CPU
		{AEA2AC96-977F-4D9F-88EC-4184A92504AC}.AppStore|x64.ActiveCfg = Release|Any CPU
		{AEA2AC96-977F-4D9F-88EC-4184A92504AC}.AppStore|x64.Build.0 = Release|Any CPU
		{AEA2AC96-977F-4D9F-88EC-4184A92504AC}.AppStore|x86.ActiveCfg = Release|Any CPU
		{AEA2AC96-977F-4D9F-88EC-4184A92504AC}.AppStore|x86.Build.0 = Release|Any CPU
		{AEA2AC96-977F-4D9F-88EC-4184A92504AC}.Debug|Any CPU.ActiveCfg = Debug|Any CPU
		{AEA2AC96-977F-4D9F-88EC-4184A92504AC}.Debug|Any CPU.Build.0 = Debug|Any CPU
		{AEA2AC96-977F-4D9F-88EC-4184A92504AC}.Debug|ARM.ActiveCfg = Debug|Any CPU
		{AEA2AC96-977F-4D9F-88EC-4184A92504AC}.Debug|ARM.Build.0 = Debug|Any CPU
		{AEA2AC96-977F-4D9F-88EC-4184A92504AC}.Debug|iPhone.ActiveCfg = Debug|Any CPU
		{AEA2AC96-977F-4D9F-88EC-4184A92504AC}.Debug|iPhone.Build.0 = Debug|Any CPU
		{AEA2AC96-977F-4D9F-88EC-4184A92504AC}.Debug|iPhoneSimulator.ActiveCfg = Debug|Any CPU
		{AEA2AC96-977F-4D9F-88EC-4184A92504AC}.Debug|iPhoneSimulator.Build.0 = Debug|Any CPU
		{AEA2AC96-977F-4D9F-88EC-4184A92504AC}.Debug|x64.ActiveCfg = Debug|Any CPU
		{AEA2AC96-977F-4D9F-88EC-4184A92504AC}.Debug|x64.Build.0 = Debug|Any CPU
		{AEA2AC96-977F-4D9F-88EC-4184A92504AC}.Debug|x86.ActiveCfg = Debug|Any CPU
		{AEA2AC96-977F-4D9F-88EC-4184A92504AC}.Debug|x86.Build.0 = Debug|Any CPU
		{AEA2AC96-977F-4D9F-88EC-4184A92504AC}.Release|Any CPU.ActiveCfg = Release|Any CPU
		{AEA2AC96-977F-4D9F-88EC-4184A92504AC}.Release|Any CPU.Build.0 = Release|Any CPU
		{AEA2AC96-977F-4D9F-88EC-4184A92504AC}.Release|ARM.ActiveCfg = Release|Any CPU
		{AEA2AC96-977F-4D9F-88EC-4184A92504AC}.Release|ARM.Build.0 = Release|Any CPU
		{AEA2AC96-977F-4D9F-88EC-4184A92504AC}.Release|iPhone.ActiveCfg = Release|Any CPU
		{AEA2AC96-977F-4D9F-88EC-4184A92504AC}.Release|iPhone.Build.0 = Release|Any CPU
		{AEA2AC96-977F-4D9F-88EC-4184A92504AC}.Release|iPhoneSimulator.ActiveCfg = Release|Any CPU
		{AEA2AC96-977F-4D9F-88EC-4184A92504AC}.Release|iPhoneSimulator.Build.0 = Release|Any CPU
		{AEA2AC96-977F-4D9F-88EC-4184A92504AC}.Release|x64.ActiveCfg = Release|Any CPU
		{AEA2AC96-977F-4D9F-88EC-4184A92504AC}.Release|x64.Build.0 = Release|Any CPU
		{AEA2AC96-977F-4D9F-88EC-4184A92504AC}.Release|x86.ActiveCfg = Release|Any CPU
		{AEA2AC96-977F-4D9F-88EC-4184A92504AC}.Release|x86.Build.0 = Release|Any CPU
		{25E5849C-FCF6-43B0-A4E2-1F4F1040123F}.Ad-Hoc|Any CPU.ActiveCfg = Release|x86
		{25E5849C-FCF6-43B0-A4E2-1F4F1040123F}.Ad-Hoc|Any CPU.Build.0 = Release|x86
		{25E5849C-FCF6-43B0-A4E2-1F4F1040123F}.Ad-Hoc|Any CPU.Deploy.0 = Release|x86
		{25E5849C-FCF6-43B0-A4E2-1F4F1040123F}.Ad-Hoc|ARM.ActiveCfg = Release|ARM
		{25E5849C-FCF6-43B0-A4E2-1F4F1040123F}.Ad-Hoc|ARM.Build.0 = Release|ARM
		{25E5849C-FCF6-43B0-A4E2-1F4F1040123F}.Ad-Hoc|ARM.Deploy.0 = Release|ARM
		{25E5849C-FCF6-43B0-A4E2-1F4F1040123F}.Ad-Hoc|iPhone.ActiveCfg = Release|x86
		{25E5849C-FCF6-43B0-A4E2-1F4F1040123F}.Ad-Hoc|iPhone.Build.0 = Release|x86
		{25E5849C-FCF6-43B0-A4E2-1F4F1040123F}.Ad-Hoc|iPhone.Deploy.0 = Release|x86
		{25E5849C-FCF6-43B0-A4E2-1F4F1040123F}.Ad-Hoc|iPhoneSimulator.ActiveCfg = Release|x86
		{25E5849C-FCF6-43B0-A4E2-1F4F1040123F}.Ad-Hoc|iPhoneSimulator.Build.0 = Release|x86
		{25E5849C-FCF6-43B0-A4E2-1F4F1040123F}.Ad-Hoc|iPhoneSimulator.Deploy.0 = Release|x86
		{25E5849C-FCF6-43B0-A4E2-1F4F1040123F}.Ad-Hoc|x64.ActiveCfg = Release|x64
		{25E5849C-FCF6-43B0-A4E2-1F4F1040123F}.Ad-Hoc|x64.Build.0 = Release|x64
		{25E5849C-FCF6-43B0-A4E2-1F4F1040123F}.Ad-Hoc|x64.Deploy.0 = Release|x64
		{25E5849C-FCF6-43B0-A4E2-1F4F1040123F}.Ad-Hoc|x86.ActiveCfg = Release|x86
		{25E5849C-FCF6-43B0-A4E2-1F4F1040123F}.Ad-Hoc|x86.Build.0 = Release|x86
		{25E5849C-FCF6-43B0-A4E2-1F4F1040123F}.Ad-Hoc|x86.Deploy.0 = Release|x86
		{25E5849C-FCF6-43B0-A4E2-1F4F1040123F}.AppStore|Any CPU.ActiveCfg = Release|x86
		{25E5849C-FCF6-43B0-A4E2-1F4F1040123F}.AppStore|Any CPU.Build.0 = Release|x86
		{25E5849C-FCF6-43B0-A4E2-1F4F1040123F}.AppStore|Any CPU.Deploy.0 = Release|x86
		{25E5849C-FCF6-43B0-A4E2-1F4F1040123F}.AppStore|ARM.ActiveCfg = Release|ARM
		{25E5849C-FCF6-43B0-A4E2-1F4F1040123F}.AppStore|ARM.Build.0 = Release|ARM
		{25E5849C-FCF6-43B0-A4E2-1F4F1040123F}.AppStore|ARM.Deploy.0 = Release|ARM
		{25E5849C-FCF6-43B0-A4E2-1F4F1040123F}.AppStore|iPhone.ActiveCfg = Release|x86
		{25E5849C-FCF6-43B0-A4E2-1F4F1040123F}.AppStore|iPhone.Build.0 = Release|x86
		{25E5849C-FCF6-43B0-A4E2-1F4F1040123F}.AppStore|iPhone.Deploy.0 = Release|x86
		{25E5849C-FCF6-43B0-A4E2-1F4F1040123F}.AppStore|iPhoneSimulator.ActiveCfg = Release|x86
		{25E5849C-FCF6-43B0-A4E2-1F4F1040123F}.AppStore|iPhoneSimulator.Build.0 = Release|x86
		{25E5849C-FCF6-43B0-A4E2-1F4F1040123F}.AppStore|iPhoneSimulator.Deploy.0 = Release|x86
		{25E5849C-FCF6-43B0-A4E2-1F4F1040123F}.AppStore|x64.ActiveCfg = Release|x64
		{25E5849C-FCF6-43B0-A4E2-1F4F1040123F}.AppStore|x64.Build.0 = Release|x64
		{25E5849C-FCF6-43B0-A4E2-1F4F1040123F}.AppStore|x64.Deploy.0 = Release|x64
		{25E5849C-FCF6-43B0-A4E2-1F4F1040123F}.AppStore|x86.ActiveCfg = Release|x86
		{25E5849C-FCF6-43B0-A4E2-1F4F1040123F}.AppStore|x86.Build.0 = Release|x86
		{25E5849C-FCF6-43B0-A4E2-1F4F1040123F}.AppStore|x86.Deploy.0 = Release|x86
		{25E5849C-FCF6-43B0-A4E2-1F4F1040123F}.Debug|Any CPU.ActiveCfg = Debug|x86
		{25E5849C-FCF6-43B0-A4E2-1F4F1040123F}.Debug|ARM.ActiveCfg = Debug|ARM
		{25E5849C-FCF6-43B0-A4E2-1F4F1040123F}.Debug|ARM.Build.0 = Debug|ARM
		{25E5849C-FCF6-43B0-A4E2-1F4F1040123F}.Debug|ARM.Deploy.0 = Debug|ARM
		{25E5849C-FCF6-43B0-A4E2-1F4F1040123F}.Debug|iPhone.ActiveCfg = Debug|x86
		{25E5849C-FCF6-43B0-A4E2-1F4F1040123F}.Debug|iPhoneSimulator.ActiveCfg = Debug|x86
		{25E5849C-FCF6-43B0-A4E2-1F4F1040123F}.Debug|x64.ActiveCfg = Debug|x64
		{25E5849C-FCF6-43B0-A4E2-1F4F1040123F}.Debug|x64.Build.0 = Debug|x64
		{25E5849C-FCF6-43B0-A4E2-1F4F1040123F}.Debug|x64.Deploy.0 = Debug|x64
		{25E5849C-FCF6-43B0-A4E2-1F4F1040123F}.Debug|x86.ActiveCfg = Debug|x86
		{25E5849C-FCF6-43B0-A4E2-1F4F1040123F}.Debug|x86.Build.0 = Debug|x86
		{25E5849C-FCF6-43B0-A4E2-1F4F1040123F}.Debug|x86.Deploy.0 = Debug|x86
		{25E5849C-FCF6-43B0-A4E2-1F4F1040123F}.Release|Any CPU.ActiveCfg = Release|x86
		{25E5849C-FCF6-43B0-A4E2-1F4F1040123F}.Release|ARM.ActiveCfg = Release|ARM
		{25E5849C-FCF6-43B0-A4E2-1F4F1040123F}.Release|ARM.Build.0 = Release|ARM
		{25E5849C-FCF6-43B0-A4E2-1F4F1040123F}.Release|ARM.Deploy.0 = Release|ARM
		{25E5849C-FCF6-43B0-A4E2-1F4F1040123F}.Release|iPhone.ActiveCfg = Release|x86
		{25E5849C-FCF6-43B0-A4E2-1F4F1040123F}.Release|iPhoneSimulator.ActiveCfg = Release|x86
		{25E5849C-FCF6-43B0-A4E2-1F4F1040123F}.Release|x64.ActiveCfg = Release|x64
		{25E5849C-FCF6-43B0-A4E2-1F4F1040123F}.Release|x64.Build.0 = Release|x64
		{25E5849C-FCF6-43B0-A4E2-1F4F1040123F}.Release|x64.Deploy.0 = Release|x64
		{25E5849C-FCF6-43B0-A4E2-1F4F1040123F}.Release|x86.ActiveCfg = Release|x86
		{25E5849C-FCF6-43B0-A4E2-1F4F1040123F}.Release|x86.Build.0 = Release|x86
		{25E5849C-FCF6-43B0-A4E2-1F4F1040123F}.Release|x86.Deploy.0 = Release|x86
		{17D39CC6-3C61-4CF2-B455-A0CD3CA78DF4}.Ad-Hoc|Any CPU.ActiveCfg = Ad-Hoc|iPhoneSimulator
		{17D39CC6-3C61-4CF2-B455-A0CD3CA78DF4}.Ad-Hoc|ARM.ActiveCfg = Ad-Hoc|iPhone
		{17D39CC6-3C61-4CF2-B455-A0CD3CA78DF4}.Ad-Hoc|iPhone.ActiveCfg = Release|iPhone
		{17D39CC6-3C61-4CF2-B455-A0CD3CA78DF4}.Ad-Hoc|iPhone.Build.0 = Release|iPhone
		{17D39CC6-3C61-4CF2-B455-A0CD3CA78DF4}.Ad-Hoc|iPhoneSimulator.ActiveCfg = Ad-Hoc|iPhoneSimulator
		{17D39CC6-3C61-4CF2-B455-A0CD3CA78DF4}.Ad-Hoc|iPhoneSimulator.Build.0 = Ad-Hoc|iPhoneSimulator
		{17D39CC6-3C61-4CF2-B455-A0CD3CA78DF4}.Ad-Hoc|x64.ActiveCfg = Ad-Hoc|iPhone
		{17D39CC6-3C61-4CF2-B455-A0CD3CA78DF4}.Ad-Hoc|x86.ActiveCfg = Ad-Hoc|iPhone
		{17D39CC6-3C61-4CF2-B455-A0CD3CA78DF4}.AppStore|Any CPU.ActiveCfg = AppStore|iPhoneSimulator
		{17D39CC6-3C61-4CF2-B455-A0CD3CA78DF4}.AppStore|ARM.ActiveCfg = AppStore|iPhone
		{17D39CC6-3C61-4CF2-B455-A0CD3CA78DF4}.AppStore|iPhone.ActiveCfg = AppStore|iPhone
		{17D39CC6-3C61-4CF2-B455-A0CD3CA78DF4}.AppStore|iPhone.Build.0 = AppStore|iPhone
		{17D39CC6-3C61-4CF2-B455-A0CD3CA78DF4}.AppStore|iPhoneSimulator.ActiveCfg = AppStore|iPhoneSimulator
		{17D39CC6-3C61-4CF2-B455-A0CD3CA78DF4}.AppStore|iPhoneSimulator.Build.0 = AppStore|iPhoneSimulator
		{17D39CC6-3C61-4CF2-B455-A0CD3CA78DF4}.AppStore|x64.ActiveCfg = AppStore|iPhone
		{17D39CC6-3C61-4CF2-B455-A0CD3CA78DF4}.AppStore|x86.ActiveCfg = AppStore|iPhone
		{17D39CC6-3C61-4CF2-B455-A0CD3CA78DF4}.Debug|Any CPU.ActiveCfg = Debug|iPhoneSimulator
		{17D39CC6-3C61-4CF2-B455-A0CD3CA78DF4}.Debug|ARM.ActiveCfg = Debug|iPhone
		{17D39CC6-3C61-4CF2-B455-A0CD3CA78DF4}.Debug|iPhone.ActiveCfg = Debug|iPhone
		{17D39CC6-3C61-4CF2-B455-A0CD3CA78DF4}.Debug|iPhone.Build.0 = Debug|iPhone
		{17D39CC6-3C61-4CF2-B455-A0CD3CA78DF4}.Debug|iPhoneSimulator.ActiveCfg = Debug|iPhoneSimulator
		{17D39CC6-3C61-4CF2-B455-A0CD3CA78DF4}.Debug|iPhoneSimulator.Build.0 = Debug|iPhoneSimulator
		{17D39CC6-3C61-4CF2-B455-A0CD3CA78DF4}.Debug|x64.ActiveCfg = Debug|iPhone
		{17D39CC6-3C61-4CF2-B455-A0CD3CA78DF4}.Debug|x86.ActiveCfg = Debug|iPhone
		{17D39CC6-3C61-4CF2-B455-A0CD3CA78DF4}.Release|Any CPU.ActiveCfg = Release|iPhoneSimulator
		{17D39CC6-3C61-4CF2-B455-A0CD3CA78DF4}.Release|ARM.ActiveCfg = Release|iPhone
		{17D39CC6-3C61-4CF2-B455-A0CD3CA78DF4}.Release|iPhone.ActiveCfg = Release|iPhone
		{17D39CC6-3C61-4CF2-B455-A0CD3CA78DF4}.Release|iPhone.Build.0 = Release|iPhone
		{17D39CC6-3C61-4CF2-B455-A0CD3CA78DF4}.Release|iPhoneSimulator.ActiveCfg = Release|iPhoneSimulator
		{17D39CC6-3C61-4CF2-B455-A0CD3CA78DF4}.Release|iPhoneSimulator.Build.0 = Release|iPhoneSimulator
		{17D39CC6-3C61-4CF2-B455-A0CD3CA78DF4}.Release|x64.ActiveCfg = Release|iPhone
		{17D39CC6-3C61-4CF2-B455-A0CD3CA78DF4}.Release|x86.ActiveCfg = Release|iPhone
	EndGlobalSection
	GlobalSection(SolutionProperties) = preSolution
		HideSolutionNode = FALSE
	EndGlobalSection
	GlobalSection(ExtensibilityGlobals) = postSolution
		SolutionGuid = {95B0CDA7-84A8-4B7D-B8BB-186E81161173}
	EndGlobalSection
EndGlobal
